<Solution>
  <Project Path="Ejercicio1/Ejercicio1.csproj" />
  <Project Path="Ejercicio2/Ejercicio2.csproj" />
  <Project Path="Ejercicio3/Ejercicio3.csproj" />
  <Project Path="ejercicio4/ejercicio4.csproj" />
  <Project Path="Ejercicio5/Ejercicio5.csproj" />
  <Project Path="Ejercicio6/Ejercicio6.csproj" />
  <Project Path="Ejercicio7/Ejercicio7.csproj" />
  <Project Path="Ejercicio8/Ejercicio8.csproj" />
</Solution>
